
Microsoft Visual Studio Solution File, Format Version 12.00
# Visual Studio 14
VisualStudioVersion = 14.0.25123.0
MinimumVisualStudioVersion = 10.0.40219.1
Project("{888888A0-9F3D-457C-B088-3A5042F75D52}") = "CarND-Behavioural-Cloning", "CarND-Behavioural-Cloning.pyproj", "{FF5CA1A8-F288-4C62-A7BD-197D00EFFB61}"
EndProject
Global
	GlobalSection(SolutionConfigurationPlatforms) = preSolution
		Debug|Any CPU = Debug|Any CPU
		Release|Any CPU = Release|Any CPU
	EndGlobalSection
	GlobalSection(ProjectConfigurationPlatforms) = postSolution
		{FF5CA1A8-F288-4C62-A7BD-197D00EFFB61}.Debug|Any CPU.ActiveCfg = Debug|Any CPU
		{FF5CA1A8-F288-4C62-A7BD-197D00EFFB61}.Release|Any CPU.ActiveCfg = Release|Any CPU
	EndGlobalSection
	GlobalSection(SolutionProperties) = preSolution
		HideSolutionNode = FALSE
	EndGlobalSection
EndGlobal
